
Microsoft Visual Studio Solution File, Format Version 12.00
# Visual Studio Version 16
VisualStudioVersion = 16.0.29728.190
MinimumVisualStudioVersion = 10.0.40219.1
Project("{FAE04EC0-301F-11D3-BF4B-00C04F79EFBC}") = "RemoteUpdate", "RemoteUpdate\RemoteUpdate.csproj", "{4F495525-DC49-4D90-9335-7A823AD59C6A}"
EndProject
Global
	GlobalSection(SolutionConfigurationPlatforms) = preSolution
		Debug|Any CPU = Debug|Any CPU
		Release|Any CPU = Release|Any CPU
	EndGlobalSection
	GlobalSection(ProjectConfigurationPlatforms) = postSolution
		{4F495525-DC49-4D90-9335-7A823AD59C6A}.Debug|Any CPU.ActiveCfg = Debug|Any CPU
		{4F495525-DC49-4D90-9335-7A823AD59C6A}.Debug|Any CPU.Build.0 = Debug|Any CPU
		{4F495525-DC49-4D90-9335-7A823AD59C6A}.Release|Any CPU.ActiveCfg = Release|Any CPU
		{4F495525-DC49-4D90-9335-7A823AD59C6A}.Release|Any CPU.Build.0 = Release|Any CPU
	EndGlobalSection
	GlobalSection(SolutionProperties) = preSolution
		HideSolutionNode = FALSE
	EndGlobalSection
	GlobalSection(ExtensibilityGlobals) = postSolution
		SolutionGuid = {4D0D580F-0E62-479E-BD76-0A362754CC81}
	EndGlobalSection
EndGlobal
